
Microsoft Visual Studio Solution File, Format Version 12.00
# Visual Studio Version 16
VisualStudioVersion = 16.0.29911.84
MinimumVisualStudioVersion = 10.0.40219.1
Project("{FAE04EC0-301F-11D3-BF4B-00C04F79EFBC}") = "KazalisteFranic.Model", "KazalisteFranic.Model\KazalisteFranic.Model.csproj", "{649EA344-B4B4-4BC4-B3CD-8C0B12409F87}"
EndProject
Project("{FAE04EC0-301F-11D3-BF4B-00C04F79EFBC}") = "KazalisteFranic.DAL", "KazalisteFranic.DAL\KazalisteFranic.DAL.csproj", "{DFF2660E-5BF8-45B0-90AF-A0E86A8374F0}"
EndProject
Project("{FAE04EC0-301F-11D3-BF4B-00C04F79EFBC}") = "KazalisteFranic.Web", "KazalisteFranic.Web\KazalisteFranic.Web.csproj", "{D82CA481-FBE6-4475-913F-6104768B06CD}"
EndProject
Global
	GlobalSection(SolutionConfigurationPlatforms) = preSolution
		Debug|Any CPU = Debug|Any CPU
		Release|Any CPU = Release|Any CPU
	EndGlobalSection
	GlobalSection(ProjectConfigurationPlatforms) = postSolution
		{649EA344-B4B4-4BC4-B3CD-8C0B12409F87}.Debug|Any CPU.ActiveCfg = Debug|Any CPU
		{649EA344-B4B4-4BC4-B3CD-8C0B12409F87}.Debug|Any CPU.Build.0 = Debug|Any CPU
		{649EA344-B4B4-4BC4-B3CD-8C0B12409F87}.Release|Any CPU.ActiveCfg = Release|Any CPU
		{649EA344-B4B4-4BC4-B3CD-8C0B12409F87}.Release|Any CPU.Build.0 = Release|Any CPU
		{DFF2660E-5BF8-45B0-90AF-A0E86A8374F0}.Debug|Any CPU.ActiveCfg = Debug|Any CPU
		{DFF2660E-5BF8-45B0-90AF-A0E86A8374F0}.Debug|Any CPU.Build.0 = Debug|Any CPU
		{DFF2660E-5BF8-45B0-90AF-A0E86A8374F0}.Release|Any CPU.ActiveCfg = Release|Any CPU
		{DFF2660E-5BF8-45B0-90AF-A0E86A8374F0}.Release|Any CPU.Build.0 = Release|Any CPU
		{D82CA481-FBE6-4475-913F-6104768B06CD}.Debug|Any CPU.ActiveCfg = Debug|Any CPU
		{D82CA481-FBE6-4475-913F-6104768B06CD}.Debug|Any CPU.Build.0 = Debug|Any CPU
		{D82CA481-FBE6-4475-913F-6104768B06CD}.Release|Any CPU.ActiveCfg = Release|Any CPU
		{D82CA481-FBE6-4475-913F-6104768B06CD}.Release|Any CPU.Build.0 = Release|Any CPU
	EndGlobalSection
	GlobalSection(SolutionProperties) = preSolution
		HideSolutionNode = FALSE
	EndGlobalSection
	GlobalSection(ExtensibilityGlobals) = postSolution
		SolutionGuid = {394DA670-170C-4B99-B62A-AF50F824F63A}
	EndGlobalSection
EndGlobal
